// !$*UTF8*$!
{
	archiveVersion = 1;
	classes = {
	};
	objectVersion = 46;
	objects = {

/* Begin PBXBuildFile section */
		5C87F7641B81D8EC00BBBFC4 /* Foundation.framework in Frameworks */ = {isa = PBXBuildFile; fileRef = 5C87F7631B81D8EC00BBBFC4 /* Foundation.framework */; };
		5C87F7661B81D8EC00BBBFC4 /* CoreGraphics.framework in Frameworks */ = {isa = PBXBuildFile; fileRef = 5C87F7651B81D8EC00BBBFC4 /* CoreGraphics.framework */; };
		5C87F7681B81D8EC00BBBFC4 /* UIKit.framework in Frameworks */ = {isa = PBXBuildFile; fileRef = 5C87F7671B81D8EC00BBBFC4 /* UIKit.framework */; };
		5C87F76E1B81D8EC00BBBFC4 /* InfoPlist.strings in Resources */ = {isa = PBXBuildFile; fileRef = 5C87F76C1B81D8EC00BBBFC4 /* InfoPlist.strings */; };
		5C87F7701B81D8EC00BBBFC4 /* main.m in Sources */ = {isa = PBXBuildFile; fileRef = 5C87F76F1B81D8EC00BBBFC4 /* main.m */; };
		5C87F7741B81D8EC00BBBFC4 /* LCAppDelegate.m in Sources */ = {isa = PBXBuildFile; fileRef = 5C87F7731B81D8EC00BBBFC4 /* LCAppDelegate.m */; };
		5C87F7771B81D8EC00BBBFC4 /* Main.storyboard in Resources */ = {isa = PBXBuildFile; fileRef = 5C87F7751B81D8EC00BBBFC4 /* Main.storyboard */; };
		5C87F77A1B81D8EC00BBBFC4 /* LCViewController.m in Sources */ = {isa = PBXBuildFile; fileRef = 5C87F7791B81D8EC00BBBFC4 /* LCViewController.m */; };
		5C87F77C1B81D8EC00BBBFC4 /* Images.xcassets in Resources */ = {isa = PBXBuildFile; fileRef = 5C87F77B1B81D8EC00BBBFC4 /* Images.xcassets */; };
		5C87F7831B81D8EC00BBBFC4 /* XCTest.framework in Frameworks */ = {isa = PBXBuildFile; fileRef = 5C87F7821B81D8EC00BBBFC4 /* XCTest.framework */; };
		5C87F7841B81D8EC00BBBFC4 /* Foundation.framework in Frameworks */ = {isa = PBXBuildFile; fileRef = 5C87F7631B81D8EC00BBBFC4 /* Foundation.framework */; };
		5C87F7851B81D8EC00BBBFC4 /* UIKit.framework in Frameworks */ = {isa = PBXBuildFile; fileRef = 5C87F7671B81D8EC00BBBFC4 /* UIKit.framework */; };
		5C87F78D1B81D8EC00BBBFC4 /* InfoPlist.strings in Resources */ = {isa = PBXBuildFile; fileRef = 5C87F78B1B81D8EC00BBBFC4 /* InfoPlist.strings */; };
		5C87F78F1B81D8EC00BBBFC4 /* SMS_TESTTests.m in Sources */ = {isa = PBXBuildFile; fileRef = 5C87F78E1B81D8EC00BBBFC4 /* SMS_TESTTests.m */; };
		5C87F79D1B81D90200BBBFC4 /* SMS_SDKLocalizable.strings in Resources */ = {isa = PBXBuildFile; fileRef = 5C87F7991B81D90200BBBFC4 /* SMS_SDKLocalizable.strings */; };
		5C87F79E1B81D90200BBBFC4 /* SMS_SDK.framework in Frameworks */ = {isa = PBXBuildFile; fileRef = 5C87F79B1B81D90200BBBFC4 /* SMS_SDK.framework */; };
		5C87F7A01B81D92000BBBFC4 /* libz.dylib in Frameworks */ = {isa = PBXBuildFile; fileRef = 5C87F79F1B81D92000BBBFC4 /* libz.dylib */; };
		5C87F7A21B81D93600BBBFC4 /* libicucore.dylib in Frameworks */ = {isa = PBXBuildFile; fileRef = 5C87F7A11B81D93600BBBFC4 /* libicucore.dylib */; };
		5C87F7A41B81D94500BBBFC4 /* MessageUI.framework in Frameworks */ = {isa = PBXBuildFile; fileRef = 5C87F7A31B81D94500BBBFC4 /* MessageUI.framework */; };
/* End PBXBuildFile section */

/* Begin PBXContainerItemProxy section */
		5C87F7861B81D8EC00BBBFC4 /* PBXContainerItemProxy */ = {
			isa = PBXContainerItemProxy;
			containerPortal = 5C87F7581B81D8EC00BBBFC4 /* Project object */;
			proxyType = 1;
			remoteGlobalIDString = 5C87F75F1B81D8EC00BBBFC4;
			remoteInfo = SMS_TEST;
		};
/* End PBXContainerItemProxy section */

/* Begin PBXFileReference section */
		5C87F7601B81D8EC00BBBFC4 /* SMS_TEST.app */ = {isa = PBXFileReference; explicitFileType = wrapper.application; includeInIndex = 0; path = SMS_TEST.app; sourceTree = BUILT_PRODUCTS_DIR; };
		5C87F7631B81D8EC00BBBFC4 /* Foundation.framework */ = {isa = PBXFileReference; lastKnownFileType = wrapper.framework; name = Foundation.framework; path = System/Library/Frameworks/Foundation.framework; sourceTree = SDKROOT; };
		5C87F7651B81D8EC00BBBFC4 /* CoreGraphics.framework */ = {isa = PBXFileReference; lastKnownFileType = wrapper.framework; name = CoreGraphics.framework; path = System/Library/Frameworks/CoreGraphics.framework; sourceTree = SDKROOT; };
		5C87F7671B81D8EC00BBBFC4 /* UIKit.framework */ = {isa = PBXFileReference; lastKnownFileType = wrapper.framework; name = UIKit.framework; path = System/Library/Frameworks/UIKit.framework; sourceTree = SDKROOT; };
		5C87F76B1B81D8EC00BBBFC4 /* SMS_TEST-Info.plist */ = {isa = PBXFileReference; lastKnownFileType = text.plist.xml; path = "SMS_TEST-Info.plist"; sourceTree = "<group>"; };
		5C87F76D1B81D8EC00BBBFC4 /* en */ = {isa = PBXFileReference; lastKnownFileType = text.plist.strings; name = en; path = en.lproj/InfoPlist.strings; sourceTree = "<group>"; };
		5C87F76F1B81D8EC00BBBFC4 /* main.m */ = {isa = PBXFileReference; lastKnownFileType = sourcecode.c.objc; path = main.m; sourceTree = "<group>"; };
		5C87F7711B81D8EC00BBBFC4 /* SMS_TEST-Prefix.pch */ = {isa = PBXFileReference; lastKnownFileType = sourcecode.c.h; path = "SMS_TEST-Prefix.pch"; sourceTree = "<group>"; };
		5C87F7721B81D8EC00BBBFC4 /* LCAppDelegate.h */ = {isa = PBXFileReference; lastKnownFileType = sourcecode.c.h; path = LCAppDelegate.h; sourceTree = "<group>"; };
		5C87F7731B81D8EC00BBBFC4 /* LCAppDelegate.m */ = {isa = PBXFileReference; lastKnownFileType = sourcecode.c.objc; path = LCAppDelegate.m; sourceTree = "<group>"; };
		5C87F7761B81D8EC00BBBFC4 /* Base */ = {isa = PBXFileReference; lastKnownFileType = file.storyboard; name = Base; path = Base.lproj/Main.storyboard; sourceTree = "<group>"; };
		5C87F7781B81D8EC00BBBFC4 /* LCViewController.h */ = {isa = PBXFileReference; lastKnownFileType = sourcecode.c.h; path = LCViewController.h; sourceTree = "<group>"; };
		5C87F7791B81D8EC00BBBFC4 /* LCViewController.m */ = {isa = PBXFileReference; lastKnownFileType = sourcecode.c.objc; path = LCViewController.m; sourceTree = "<group>"; };
		5C87F77B1B81D8EC00BBBFC4 /* Images.xcassets */ = {isa = PBXFileReference; lastKnownFileType = folder.assetcatalog; path = Images.xcassets; sourceTree = "<group>"; };
		5C87F7811B81D8EC00BBBFC4 /* SMS_TESTTests.xctest */ = {isa = PBXFileReference; explicitFileType = wrapper.cfbundle; includeInIndex = 0; path = SMS_TESTTests.xctest; sourceTree = BUILT_PRODUCTS_DIR; };
		5C87F7821B81D8EC00BBBFC4 /* XCTest.framework */ = {isa = PBXFileReference; lastKnownFileType = wrapper.framework; name = XCTest.framework; path = Library/Frameworks/XCTest.framework; sourceTree = DEVELOPER_DIR; };
		5C87F78A1B81D8EC00BBBFC4 /* SMS_TESTTests-Info.plist */ = {isa = PBXFileReference; lastKnownFileType = text.plist.xml; path = "SMS_TESTTests-Info.plist"; sourceTree = "<group>"; };
		5C87F78C1B81D8EC00BBBFC4 /* en */ = {isa = PBXFileReference; lastKnownFileType = text.plist.strings; name = en; path = en.lproj/InfoPlist.strings; sourceTree = "<group>"; };
		5C87F78E1B81D8EC00BBBFC4 /* SMS_TESTTests.m */ = {isa = PBXFileReference; lastKnownFileType = sourcecode.c.objc; path = SMS_TESTTests.m; sourceTree = "<group>"; };
		5C87F79A1B81D90200BBBFC4 /* en */ = {isa = PBXFileReference; lastKnownFileType = text.plist.strings; name = en; path = en.lproj/SMS_SDKLocalizable.strings; sourceTree = "<group>"; };
		5C87F79B1B81D90200BBBFC4 /* SMS_SDK.framework */ = {isa = PBXFileReference; lastKnownFileType = wrapper.framework; path = SMS_SDK.framework; sourceTree = "<group>"; };
		5C87F79C1B81D90200BBBFC4 /* zh-Hans */ = {isa = PBXFileReference; lastKnownFileType = text.plist.strings; name = "zh-Hans"; path = "zh-Hans.lproj/SMS_SDKLocalizable.strings"; sourceTree = "<group>"; };
		5C87F79F1B81D92000BBBFC4 /* libz.dylib */ = {isa = PBXFileReference; lastKnownFileType = "compiled.mach-o.dylib"; name = libz.dylib; path = usr/lib/libz.dylib; sourceTree = SDKROOT; };
		5C87F7A11B81D93600BBBFC4 /* libicucore.dylib */ = {isa = PBXFileReference; lastKnownFileType = "compiled.mach-o.dylib"; name = libicucore.dylib; path = usr/lib/libicucore.dylib; sourceTree = SDKROOT; };
		5C87F7A31B81D94500BBBFC4 /* MessageUI.framework */ = {isa = PBXFileReference; lastKnownFileType = wrapper.framework; name = MessageUI.framework; path = System/Library/Frameworks/MessageUI.framework; sourceTree = SDKROOT; };
/* End PBXFileReference section */

/* Begin PBXFrameworksBuildPhase section */
		5C87F75D1B81D8EC00BBBFC4 /* Frameworks */ = {
			isa = PBXFrameworksBuildPhase;
			buildActionMask = 2147483647;
			files = (
				5C87F7A41B81D94500BBBFC4 /* MessageUI.framework in Frameworks */,
				5C87F7A21B81D93600BBBFC4 /* libicucore.dylib in Frameworks */,
				5C87F7A01B81D92000BBBFC4 /* libz.dylib in Frameworks */,
				5C87F7661B81D8EC00BBBFC4 /* CoreGraphics.framework in Frameworks */,
				5C87F79E1B81D90200BBBFC4 /* SMS_SDK.framework in Frameworks */,
				5C87F7681B81D8EC00BBBFC4 /* UIKit.framework in Frameworks */,
				5C87F7641B81D8EC00BBBFC4 /* Foundation.framework in Frameworks */,
			);
			runOnlyForDeploymentPostprocessing = 0;
		};
		5C87F77E1B81D8EC00BBBFC4 /* Frameworks */ = {
			isa = PBXFrameworksBuildPhase;
			buildActionMask = 2147483647;
			files = (
				5C87F7831B81D8EC00BBBFC4 /* XCTest.framework in Frameworks */,
				5C87F7851B81D8EC00BBBFC4 /* UIKit.framework in Frameworks */,
				5C87F7841B81D8EC00BBBFC4 /* Foundation.framework in Frameworks */,
			);
			runOnlyForDeploymentPostprocessing = 0;
		};
/* End PBXFrameworksBuildPhase section */

/* Begin PBXGroup section */
		5C87F7571B81D8EC00BBBFC4 = {
			isa = PBXGroup;
			children = (
				5C87F7981B81D90200BBBFC4 /* SMS_SDK */,
				5C87F7691B81D8EC00BBBFC4 /* SMS_TEST */,
				5C87F7881B81D8EC00BBBFC4 /* SMS_TESTTests */,
				5C87F7621B81D8EC00BBBFC4 /* Frameworks */,
				5C87F7611B81D8EC00BBBFC4 /* Products */,
			);
			sourceTree = "<group>";
		};
		5C87F7611B81D8EC00BBBFC4 /* Products */ = {
			isa = PBXGroup;
			children = (
				5C87F7601B81D8EC00BBBFC4 /* SMS_TEST.app */,
				5C87F7811B81D8EC00BBBFC4 /* SMS_TESTTests.xctest */,
			);
			name = Products;
			sourceTree = "<group>";
		};
		5C87F7621B81D8EC00BBBFC4 /* Frameworks */ = {
			isa = PBXGroup;
			children = (
				5C87F7A31B81D94500BBBFC4 /* MessageUI.framework */,
				5C87F7A11B81D93600BBBFC4 /* libicucore.dylib */,
				5C87F79F1B81D92000BBBFC4 /* libz.dylib */,
				5C87F7631B81D8EC00BBBFC4 /* Foundation.framework */,
				5C87F7651B81D8EC00BBBFC4 /* CoreGraphics.framework */,
				5C87F7671B81D8EC00BBBFC4 /* UIKit.framework */,
				5C87F7821B81D8EC00BBBFC4 /* XCTest.framework */,
			);
			name = Frameworks;
			sourceTree = "<group>";
		};
		5C87F7691B81D8EC00BBBFC4 /* SMS_TEST */ = {
			isa = PBXGroup;
			children = (
				5C87F7721B81D8EC00BBBFC4 /* LCAppDelegate.h */,
				5C87F7731B81D8EC00BBBFC4 /* LCAppDelegate.m */,
				5C87F7751B81D8EC00BBBFC4 /* Main.storyboard */,
				5C87F7781B81D8EC00BBBFC4 /* LCViewController.h */,
				5C87F7791B81D8EC00BBBFC4 /* LCViewController.m */,
				5C87F77B1B81D8EC00BBBFC4 /* Images.xcassets */,
				5C87F76A1B81D8EC00BBBFC4 /* Supporting Files */,
			);
			path = SMS_TEST;
			sourceTree = "<group>";
		};
		5C87F76A1B81D8EC00BBBFC4 /* Supporting Files */ = {
			isa = PBXGroup;
			children = (
				5C87F76B1B81D8EC00BBBFC4 /* SMS_TEST-Info.plist */,
				5C87F76C1B81D8EC00BBBFC4 /* InfoPlist.strings */,
				5C87F76F1B81D8EC00BBBFC4 /* main.m */,
				5C87F7711B81D8EC00BBBFC4 /* SMS_TEST-Prefix.pch */,
			);
			name = "Supporting Files";
			sourceTree = "<group>";
		};
		5C87F7881B81D8EC00BBBFC4 /* SMS_TESTTests */ = {
			isa = PBXGroup;
			children = (
				5C87F78E1B81D8EC00BBBFC4 /* SMS_TESTTests.m */,
				5C87F7891B81D8EC00BBBFC4 /* Supporting Files */,
			);
			path = SMS_TESTTests;
			sourceTree = "<group>";
		};
		5C87F7891B81D8EC00BBBFC4 /* Supporting Files */ = {
			isa = PBXGroup;
			children = (
				5C87F78A1B81D8EC00BBBFC4 /* SMS_TESTTests-Info.plist */,
				5C87F78B1B81D8EC00BBBFC4 /* InfoPlist.strings */,
			);
			name = "Supporting Files";
			sourceTree = "<group>";
		};
		5C87F7981B81D90200BBBFC4 /* SMS_SDK */ = {
			isa = PBXGroup;
			children = (
				5C87F7991B81D90200BBBFC4 /* SMS_SDKLocalizable.strings */,
				5C87F79B1B81D90200BBBFC4 /* SMS_SDK.framework */,
			);
			name = SMS_SDK;
			path = ../SMS_SDK1.0.9/SMS_SDK;
			sourceTree = "<group>";
		};
/* End PBXGroup section */

/* Begin PBXNativeTarget section */
		5C87F75F1B81D8EC00BBBFC4 /* SMS_TEST */ = {
			isa = PBXNativeTarget;
			buildConfigurationList = 5C87F7921B81D8EC00BBBFC4 /* Build configuration list for PBXNativeTarget "SMS_TEST" */;
			buildPhases = (
				5C87F75C1B81D8EC00BBBFC4 /* Sources */,
				5C87F75D1B81D8EC00BBBFC4 /* Frameworks */,
				5C87F75E1B81D8EC00BBBFC4 /* Resources */,
			);
			buildRules = (
			);
			dependencies = (
			);
			name = SMS_TEST;
			productName = SMS_TEST;
			productReference = 5C87F7601B81D8EC00BBBFC4 /* SMS_TEST.app */;
			productType = "com.apple.product-type.application";
		};
		5C87F7801B81D8EC00BBBFC4 /* SMS_TESTTests */ = {
			isa = PBXNativeTarget;
			buildConfigurationList = 5C87F7951B81D8EC00BBBFC4 /* Build configuration list for PBXNativeTarget "SMS_TESTTests" */;
			buildPhases = (
				5C87F77D1B81D8EC00BBBFC4 /* Sources */,
				5C87F77E1B81D8EC00BBBFC4 /* Frameworks */,
				5C87F77F1B81D8EC00BBBFC4 /* Resources */,
			);
			buildRules = (
			);
			dependencies = (
				5C87F7871B81D8EC00BBBFC4 /* PBXTargetDependency */,
			);
			name = SMS_TESTTests;
			productName = SMS_TESTTests;
			productReference = 5C87F7811B81D8EC00BBBFC4 /* SMS_TESTTests.xctest */;
			productType = "com.apple.product-type.bundle.unit-test";
		};
/* End PBXNativeTarget section */

/* Begin PBXProject section */
		5C87F7581B81D8EC00BBBFC4 /* Project object */ = {
			isa = PBXProject;
			attributes = {
				CLASSPREFIX = LC;
				LastUpgradeCheck = 0510;
				ORGANIZATIONNAME = LcGero;
				TargetAttributes = {
					5C87F7801B81D8EC00BBBFC4 = {
						TestTargetID = 5C87F75F1B81D8EC00BBBFC4;
					};
				};
			};
			buildConfigurationList = 5C87F75B1B81D8EC00BBBFC4 /* Build configuration list for PBXProject "SMS_TEST" */;
			compatibilityVersion = "Xcode 3.2";
			developmentRegion = English;
			hasScannedForEncodings = 0;
			knownRegions = (
				en,
				Base,
				"zh-Hans",
			);
			mainGroup = 5C87F7571B81D8EC00BBBFC4;
			productRefGroup = 5C87F7611B81D8EC00BBBFC4 /* Products */;
			projectDirPath = "";
			projectRoot = "";
			targets = (
				5C87F75F1B81D8EC00BBBFC4 /* SMS_TEST */,
				5C87F7801B81D8EC00BBBFC4 /* SMS_TESTTests */,
			);
		};
/* End PBXProject section */

/* Begin PBXResourcesBuildPhase section */
		5C87F75E1B81D8EC00BBBFC4 /* Resources */ = {
			isa = PBXResourcesBuildPhase;
			buildActionMask = 2147483647;
			files = (
				5C87F79D1B81D90200BBBFC4 /* SMS_SDKLocalizable.strings in Resources */,
				5C87F77C1B81D8EC00BBBFC4 /* Images.xcassets in Resources */,
				5C87F76E1B81D8EC00BBBFC4 /* InfoPlist.strings in Resources */,
				5C87F7771B81D8EC00BBBFC4 /* Main.storyboard in Resources */,
			);
			runOnlyForDeploymentPostprocessing = 0;
		};
		5C87F77F1B81D8EC00BBBFC4 /* Resources */ = {
			isa = PBXResourcesBuildPhase;
			buildActionMask = 2147483647;
			files = (
				5C87F78D1B81D8EC00BBBFC4 /* InfoPlist.strings in Resources */,
			);
			runOnlyForDeploymentPostprocessing = 0;
		};
/* End PBXResourcesBuildPhase section */

/* Begin PBXSourcesBuildPhase section */
		5C87F75C1B81D8EC00BBBFC4 /* Sources */ = {
			isa = PBXSourcesBuildPhase;
			buildActionMask = 2147483647;
			files = (
				5C87F7701B81D8EC00BBBFC4 /* main.m in Sources */,
				5C87F7741B81D8EC00BBBFC4 /* LCAppDelegate.m in Sources */,
				5C87F77A1B81D8EC00BBBFC4 /* LCViewController.m in Sources */,
			);
			runOnlyForDeploymentPostprocessing = 0;
		};
		5C87F77D1B81D8EC00BBBFC4 /* Sources */ = {
			isa = PBXSourcesBuildPhase;
			buildActionMask = 2147483647;
			files = (
				5C87F78F1B81D8EC00BBBFC4 /* SMS_TESTTests.m in Sources */,
			);
			runOnlyForDeploymentPostprocessing = 0;
		};
/* End PBXSourcesBuildPhase section */

/* Begin PBXTargetDependency section */
		5C87F7871B81D8EC00BBBFC4 /* PBXTargetDependency */ = {
			isa = PBXTargetDependency;
			target = 5C87F75F1B81D8EC00BBBFC4 /* SMS_TEST */;
			targetProxy = 5C87F7861B81D8EC00BBBFC4 /* PBXContainerItemProxy */;
		};
/* End PBXTargetDependency section */

/* Begin PBXVariantGroup section */
		5C87F76C1B81D8EC00BBBFC4 /* InfoPlist.strings */ = {
			isa = PBXVariantGroup;
			children = (
				5C87F76D1B81D8EC00BBBFC4 /* en */,
			);
			name = InfoPlist.strings;
			sourceTree = "<group>";
		};
		5C87F7751B81D8EC00BBBFC4 /* Main.storyboard */ = {
			isa = PBXVariantGroup;
			children = (
				5C87F7761B81D8EC00BBBFC4 /* Base */,
			);
			name = Main.storyboard;
			sourceTree = "<group>";
		};
		5C87F78B1B81D8EC00BBBFC4 /* InfoPlist.strings */ = {
			isa = PBXVariantGroup;
			children = (
				5C87F78C1B81D8EC00BBBFC4 /* en */,
			);
			name = InfoPlist.strings;
			sourceTree = "<group>";
		};
		5C87F7991B81D90200BBBFC4 /* SMS_SDKLocalizable.strings */ = {
			isa = PBXVariantGroup;
			children = (
				5C87F79A1B81D90200BBBFC4 /* en */,
				5C87F79C1B81D90200BBBFC4 /* zh-Hans */,
			);
			name = SMS_SDKLocalizable.strings;
			sourceTree = "<group>";
		};
/* End PBXVariantGroup section */

/* Begin XCBuildConfiguration section */
		5C87F7901B81D8EC00BBBFC4 /* Debug */ = {
			isa = XCBuildConfiguration;
			buildSettings = {
				ALWAYS_SEARCH_USER_PATHS = NO;
				CLANG_CXX_LANGUAGE_STANDARD = "gnu++0x";
				CLANG_CXX_LIBRARY = "libc++";
				CLANG_ENABLE_MODULES = YES;
				CLANG_ENABLE_OBJC_ARC = YES;
				CLANG_WARN_BOOL_CONVERSION = YES;
				CLANG_WARN_CONSTANT_CONVERSION = YES;
				CLANG_WARN_DIRECT_OBJC_ISA_USAGE = YES_ERROR;
				CLANG_WARN_EMPTY_BODY = YES;
				CLANG_WARN_ENUM_CONVERSION = YES;
				CLANG_WARN_INT_CONVERSION = YES;
				CLANG_WARN_OBJC_ROOT_CLASS = YES_ERROR;
				CLANG_WARN__DUPLICATE_METHOD_MATCH = YES;
				"CODE_SIGN_IDENTITY[sdk=iphoneos*]" = "iPhone Developer";
				COPY_PHASE_STRIP = NO;
				GCC_C_LANGUAGE_STANDARD = gnu99;
				GCC_DYNAMIC_NO_PIC = NO;
				GCC_OPTIMIZATION_LEVEL = 0;
				GCC_PREPROCESSOR_DEFINITIONS = (
					"DEBUG=1",
					"$(inherited)",
				);
				GCC_SYMBOLS_PRIVATE_EXTERN = NO;
				GCC_WARN_64_TO_32_BIT_CONVERSION = YES;
				GCC_WARN_ABOUT_RETURN_TYPE = YES_ERROR;
				GCC_WARN_UNDECLARED_SELECTOR = YES;
				GCC_WARN_UNINITIALIZED_AUTOS = YES_AGGRESSIVE;
				GCC_WARN_UNUSED_FUNCTION = YES;
				GCC_WARN_UNUSED_VARIABLE = YES;
				IPHONEOS_DEPLOYMENT_TARGET = 7.1;
				ONLY_ACTIVE_ARCH = YES;
				SDKROOT = iphoneos;
			};
			name = Debug;
		};
		5C87F7911B81D8EC00BBBFC4 /* Release */ = {
			isa = XCBuildConfiguration;
			buildSettings = {
				ALWAYS_SEARCH_USER_PATHS = NO;
				CLANG_CXX_LANGUAGE_STANDARD = "gnu++0x";
				CLANG_CXX_LIBRARY = "libc++";
				CLANG_ENABLE_MODULES = YES;
				CLANG_ENABLE_OBJC_ARC = YES;
				CLANG_WARN_BOOL_CONVERSION = YES;
				CLANG_WARN_CONSTANT_CONVERSION = YES;
				CLANG_WARN_DIRECT_OBJC_ISA_USAGE = YES_ERROR;
				CLANG_WARN_EMPTY_BODY = YES;
				CLANG_WARN_ENUM_CONVERSION = YES;
				CLANG_WARN_INT_CONVERSION = YES;
				CLANG_WARN_OBJC_ROOT_CLASS = YES_ERROR;
				CLANG_WARN__DUPLICATE_METHOD_MATCH = YES;
				"CODE_SIGN_IDENTITY[sdk=iphoneos*]" = "iPhone Developer";
				COPY_PHASE_STRIP = YES;
				ENABLE_NS_ASSERTIONS = NO;
				GCC_C_LANGUAGE_STANDARD = gnu99;
				GCC_WARN_64_TO_32_BIT_CONVERSION = YES;
				GCC_WARN_ABOUT_RETURN_TYPE = YES_ERROR;
				GCC_WARN_UNDECLARED_SELECTOR = YES;
				GCC_WARN_UNINITIALIZED_AUTOS = YES_AGGRESSIVE;
				GCC_WARN_UNUSED_FUNCTION = YES;
				GCC_WARN_UNUSED_VARIABLE = YES;
				IPHONEOS_DEPLOYMENT_TARGET = 7.1;
				SDKROOT = iphoneos;
				VALIDATE_PRODUCT = YES;
			};
			name = Release;
		};
		5C87F7931B81D8EC00BBBFC4 /* Debug */ = {
			isa = XCBuildConfiguration;
			buildSettings = {
				ASSETCATALOG_COMPILER_APPICON_NAME = AppIcon;
				ASSETCATALOG_COMPILER_LAUNCHIMAGE_NAME = LaunchImage;
				FRAMEWORK_SEARCH_PATHS = (
					"$(inherited)",
					/Users/tarena232/Desktop/YSJ/SMS_TEST/SMS_SDK1.0.9/SMS_SDK,
				);
				GCC_PRECOMPILE_PREFIX_HEADER = YES;
				GCC_PREFIX_HEADER = "SMS_TEST/SMS_TEST-Prefix.pch";
				INFOPLIST_FILE = "SMS_TEST/SMS_TEST-Info.plist";
				PRODUCT_NAME = "$(TARGET_NAME)";
				WRAPPER_EXTENSION = app;
			};
			name = Debug;
		};
		5C87F7941B81D8EC00BBBFC4 /* Release */ = {
			isa = XCBuildConfiguration;
			buildSettings = {
				ASSETCATALOG_COMPILER_APPICON_NAME = AppIcon;
				ASSETCATALOG_COMPILER_LAUNCHIMAGE_NAME = LaunchImage;
				FRAMEWORK_SEARCH_PATHS = (
					"$(inherited)",
					/Users/tarena232/Desktop/YSJ/SMS_TEST/SMS_SDK1.0.9/SMS_SDK,
				);
				GCC_PRECOMPILE_PREFIX_HEADER = YES;
				GCC_PREFIX_HEADER = "SMS_TEST/SMS_TEST-Prefix.pch";
				INFOPLIST_FILE = "SMS_TEST/SMS_TEST-Info.plist";
				PRODUCT_NAME = "$(TARGET_NAME)";
				WRAPPER_EXTENSION = app;
			};
			name = Release;
		};
		5C87F7961B81D8EC00BBBFC4 /* Debug */ = {
			isa = XCBuildConfiguration;
			buildSettings = {
				BUNDLE_LOADER = "$(BUILT_PRODUCTS_DIR)/SMS_TEST.app/SMS_TEST";
				FRAMEWORK_SEARCH_PATHS = (
					"$(SDKROOT)/Developer/Library/Frameworks",
					"$(inherited)",
					"$(DEVELOPER_FRAMEWORKS_DIR)",
				);
				GCC_PRECOMPILE_PREFIX_HEADER = YES;
				GCC_PREFIX_HEADER = "SMS_TEST/SMS_TEST-Prefix.pch";
				GCC_PREPROCESSOR_DEFINITIONS = (
					"DEBUG=1",
					"$(inherited)",
				);
				INFOPLIST_FILE = "SMS_TESTTests/SMS_TESTTests-Info.plist";
				PRODUCT_NAME = "$(TARGET_NAME)";
				TEST_HOST = "$(BUNDLE_LOADER)";
				WRAPPER_EXTENSION = xctest;
			};
			name = Debug;
		};
		5C87F7971B81D8EC00BBBFC4 /* Release */ = {
			isa = XCBuildConfiguration;
			buildSettings = {
				BUNDLE_LOADER = "$(BUILT_PRODUCTS_DIR)/SMS_TEST.app/SMS_TEST";
				FRAMEWORK_SEARCH_PATHS = (
					"$(SDKROOT)/Developer/Library/Frameworks",
					"$(inherited)",
					"$(DEVELOPER_FRAMEWORKS_DIR)",
				);
				GCC_PRECOMPILE_PREFIX_HEADER = YES;
				GCC_PREFIX_HEADER = "SMS_TEST/SMS_TEST-Prefix.pch";
				INFOPLIST_FILE = "SMS_TESTTests/SMS_TESTTests-Info.plist";
				PRODUCT_NAME = "$(TARGET_NAME)";
				TEST_HOST = "$(BUNDLE_LOADER)";
				WRAPPER_EXTENSION = xctest;
			};
			name = Release;
		};
/* End XCBuildConfiguration section */

/* Begin XCConfigurationList section */
		5C87F75B1B81D8EC00BBBFC4 /* Build configuration list for PBXProject "SMS_TEST" */ = {
			isa = XCConfigurationList;
			buildConfigurations = (
				5C87F7901B81D8EC00BBBFC4 /* Debug */,
				5C87F7911B81D8EC00BBBFC4 /* Release */,
			);
			defaultConfigurationIsVisible = 0;
			defaultConfigurationName = Release;
		};
		5C87F7921B81D8EC00BBBFC4 /* Build configuration list for PBXNativeTarget "SMS_TEST" */ = {
			isa = XCConfigurationList;
			buildConfigurations = (
				5C87F7931B81D8EC00BBBFC4 /* Debug */,
				5C87F7941B81D8EC00BBBFC4 /* Release */,
			);
			defaultConfigurationIsVisible = 0;
		};
		5C87F7951B81D8EC00BBBFC4 /* Build configuration list for PBXNativeTarget "SMS_TESTTests" */ = {
			isa = XCConfigurationList;
			buildConfigurations = (
				5C87F7961B81D8EC00BBBFC4 /* Debug */,
				5C87F7971B81D8EC00BBBFC4 /* Release */,
			);
			defaultConfigurationIsVisible = 0;
		};
/* End XCConfigurationList section */
	};
	rootObject = 5C87F7581B81D8EC00BBBFC4 /* Project object */;
}
